
Microsoft Visual Studio Solution File, Format Version 12.00
# Visual Studio Version 16
VisualStudioVersion = 16.0.30517.126
MinimumVisualStudioVersion = 10.0.40219.1
Project("{FAE04EC0-301F-11D3-BF4B-00C04F79EFBC}") = "GitHubExercise", "GitHubExercise\GitHubExercise.csproj", "{0D4D0666-E1DA-4B8B-831E-AD29D909BC0B}"
EndProject
Global
	GlobalSection(SolutionConfigurationPlatforms) = preSolution
		Debug|Any CPU = Debug|Any CPU
		Release|Any CPU = Release|Any CPU
	EndGlobalSection
	GlobalSection(ProjectConfigurationPlatforms) = postSolution
		{0D4D0666-E1DA-4B8B-831E-AD29D909BC0B}.Debug|Any CPU.ActiveCfg = Debug|Any CPU
		{0D4D0666-E1DA-4B8B-831E-AD29D909BC0B}.Debug|Any CPU.Build.0 = Debug|Any CPU
		{0D4D0666-E1DA-4B8B-831E-AD29D909BC0B}.Release|Any CPU.ActiveCfg = Release|Any CPU
		{0D4D0666-E1DA-4B8B-831E-AD29D909BC0B}.Release|Any CPU.Build.0 = Release|Any CPU
	EndGlobalSection
	GlobalSection(SolutionProperties) = preSolution
		HideSolutionNode = FALSE
	EndGlobalSection
	GlobalSection(ExtensibilityGlobals) = postSolution
		SolutionGuid = {F1F45FF2-B61E-4693-A451-B036019B0AF8}
	EndGlobalSection
EndGlobal
